{
  "lockfileVersion": 2,
  "configVersion": 1,
  "workspaces": {
    "": {
      "name": "@eng/eng-mode",
      "dependencies": {
        "@oh-my-pi/pi-ai": "17.4.0",
        "@oh-my-pi/pi-utils": "17.4.0",
        "yaml": "2.9.0",
        "zod": "4.3.3",
      },
      "devDependencies": {
        "@types/bun": "^1.2.0",
        "@typescript/native-preview": "^7.0.0-dev.20260707.2",
      },
    },
  },
  "packages": {
    "@oh-my-pi/omptype": ["@oh-my-pi/omptype@17.4.0", "", {}, "sha512-r622IOyt2/e8c2XZBQyKtdL8wEGsDn7tJGzRW/dNhypbUDxsZ4rMtQf5UzLWxI73SdPtPsYCVQm698r6+uZlmw=="],

    "@oh-my-pi/pi-ai": ["@oh-my-pi/pi-ai@17.4.0", "", { "dependencies": { "@oh-my-pi/omptype": "17.4.0", "@oh-my-pi/pi-catalog": "17.4.0", "@oh-my-pi/pi-utils": "17.4.0", "@oh-my-pi/pi-wire": "17.4.0" } }, "sha512-qTHUsw/PZOnq5xqwSKwcu0o0Jdh5+QT42/rl9Yzj437D9ouZ3j7dtBH/VzBtBMkeepDHcWvlyuB0ZGV7RBFLdQ=="],

    "@oh-my-pi/pi-catalog": ["@oh-my-pi/pi-catalog@17.4.0", "", { "dependencies": { "@oh-my-pi/omptype": "17.4.0", "@oh-my-pi/pi-utils": "17.4.0" } }, "sha512-vyBu8doeF1D/jSXdTTR6DD/yqmAPrx1kVw9nNusU6Dxk2loBicZ6ppoizG0LszclylvXrZw0vImwm/9n4x22dQ=="],

    "@oh-my-pi/pi-natives": ["@oh-my-pi/pi-natives@17.4.0", "", { "optionalDependencies": { "@oh-my-pi/pi-natives-darwin-arm64": "17.4.0", "@oh-my-pi/pi-natives-darwin-x64": "17.4.0", "@oh-my-pi/pi-natives-linux-arm64": "17.4.0", "@oh-my-pi/pi-natives-linux-x64": "17.4.0", "@oh-my-pi/pi-natives-win32-x64": "17.4.0" } }, "sha512-7HesGh/f/LK9TepUV6qRne69NsMiSAs/ZCt8hdhYiFyoqJsjFfKXRQgSFxQrhQflRybUZCc04PHltAOXP5hTUA=="],

    "@oh-my-pi/pi-natives-darwin-arm64": ["@oh-my-pi/pi-natives-darwin-arm64@17.4.0", "", { "os": "darwin", "cpu": "arm64" }, "sha512-kGHkQkP0a+XPCk1sk4UWbwDeHOMdYJ1+nU3l7jslM2n+b2eWM7cYUt9su9nHUUOyta6JAG7PivqPFq/VPK6qCg=="],

    "@oh-my-pi/pi-natives-darwin-x64": ["@oh-my-pi/pi-natives-darwin-x64@17.4.0", "", { "os": "darwin", "cpu": "x64" }, "sha512-sBrr3U57QdTcZ0Q8cEZQk8AQw+lEtyTDBa34ue6Zh1fKtlAyYXXghZCJdL/cMu2OuhAYipJKgr4/eALMHU9wmw=="],

    "@oh-my-pi/pi-natives-linux-arm64": ["@oh-my-pi/pi-natives-linux-arm64@17.4.0", "", { "os": "linux", "cpu": "arm64" }, "sha512-scUa8KAj01vtdcxLOtWqGeQTSEkJoRBTgccAGHF2NtIkafaiT7ewzzDD7Go7PLJ8bBR0ubXuq6ufhz+VJtu59w=="],

    "@oh-my-pi/pi-natives-linux-x64": ["@oh-my-pi/pi-natives-linux-x64@17.4.0", "", { "os": "linux", "cpu": "x64" }, "sha512-j1qrJ28/Pkt7DuLr9FSlC7XscnAShN+KYizL+VQXaNB9iQ46M3cvxlCvHa+mgu6oRinmnugbwdGLPyPPnTtJcw=="],

    "@oh-my-pi/pi-natives-win32-x64": ["@oh-my-pi/pi-natives-win32-x64@17.4.0", "", { "os": "win32", "cpu": "x64" }, "sha512-2ua+32a9FGBU1N995TINtEdh7gknF4hajAw4HZ+lX3cSYmxzyrCNGxKSVb2oEtT56W6AZxmiyIVWKJwL93RYYQ=="],

    "@oh-my-pi/pi-utils": ["@oh-my-pi/pi-utils@17.4.0", "", { "dependencies": { "@oh-my-pi/pi-natives": "17.4.0" } }, "sha512-sdMBGb5oU6om28z8joem1KzVEmLLp/mvF87/OX4MsZLp1qum9HHpPqmCyhtNTvE/IgTTFF1ziePr0yuIK8obKA=="],

    "@oh-my-pi/pi-wire": ["@oh-my-pi/pi-wire@17.4.0", "", {}, "sha512-SP3AO+XpLc4dH7BR0nTHR4DDVYfvL/GSC/loZsATzpv0UFeIxHxHbzLfCWTnC0sdxMOpRZ6DUUtHfcZ+wyxlEg=="],

    "@types/bun": ["@types/bun@1.4.0", "", { "dependencies": { "bun-types": "1.4.0" } }, "sha512-K+lZULY23vRgK/CfTjFIV+tyifaNdSMlPh9j+6mQ/cLfpOznLyAuzgV/JQysyECpkBQLVMSyvjlr2fBUSA9wFQ=="],

    "@types/node": ["@types/node@26.2.0", "", { "dependencies": { "undici-types": "~8.3.0" } }, "sha512-5IviulTZeRNp2vAJ514cc/HUlY5nZ9fCbq9DMyC52BrhFZACo3nI0R7qBxhQmo/d27NFe96ur/b7Wwxklda+kg=="],

    "@typescript/native-preview": ["@typescript/native-preview@7.0.0-dev.20260707.2", "", { "optionalDependencies": { "@typescript/native-preview-darwin-arm64": "7.0.0-dev.20260707.2", "@typescript/native-preview-darwin-x64": "7.0.0-dev.20260707.2", "@typescript/native-preview-linux-arm": "7.0.0-dev.20260707.2", "@typescript/native-preview-linux-arm64": "7.0.0-dev.20260707.2", "@typescript/native-preview-linux-x64": "7.0.0-dev.20260707.2", "@typescript/native-preview-win32-arm64": "7.0.0-dev.20260707.2", "@typescript/native-preview-win32-x64": "7.0.0-dev.20260707.2" }, "bin": { "tsgo": "bin/tsgo" } }, "sha512-oUGp+Rep/hqMhPunyinsALUwSlzHINSxitifPiSaeqoKOKD2OlR9NE3TaPqwsl4NlGslsOSUXI1JotWQzpYCPg=="],

    "@typescript/native-preview-darwin-arm64": ["@typescript/native-preview-darwin-arm64@7.0.0-dev.20260707.2", "", { "os": "darwin", "cpu": "arm64" }, "sha512-wny2pgKjGbiZtnOIHVa3tXC1UfDqxNEFzyPGmiqybedG8hipG2Nfp0l5UxbaKCjkLacUpH/W5bP2hBOMVhCOzg=="],

    "@typescript/native-preview-darwin-x64": ["@typescript/native-preview-darwin-x64@7.0.0-dev.20260707.2", "", { "os": "darwin", "cpu": "x64" }, "sha512-Afc7M5zOwo+GpfcYwz5Z8HMB2tPVsui7nNIqEuuFB73MPdVqNn/Wmpe4tP4MRri0AtJnJknoHBaTJ/VDAp/Jhw=="],

    "@typescript/native-preview-linux-arm": ["@typescript/native-preview-linux-arm@7.0.0-dev.20260707.2", "", { "os": "linux", "cpu": "arm" }, "sha512-hJm/UOqZTr9FHmR7uNm8VGX4oKtfWk0Jem0zPeJFNC8ckGUfSBueyiEYMZB+XmRc1aG4x1E46y3CplP4CLHvGQ=="],

    "@typescript/native-preview-linux-arm64": ["@typescript/native-preview-linux-arm64@7.0.0-dev.20260707.2", "", { "os": "linux", "cpu": "arm64" }, "sha512-iITBa2WjjTI5N9t5l7Z4KoOSI+2zBlhbvFzsD/f8qX8QoKjz/Y4DPyBDgezYi8nkqjjksbgSOJ3/ykzhwrB9cg=="],

    "@typescript/native-preview-linux-x64": ["@typescript/native-preview-linux-x64@7.0.0-dev.20260707.2", "", { "os": "linux", "cpu": "x64" }, "sha512-du0dzi6y97Po5vDNdPJTyyijHCpaS22JLRnKZEJXBDaO9gCIymOv/5QQokFRuOlQm0bWl3i9PF4OVdGP6uAOQA=="],

    "@typescript/native-preview-win32-arm64": ["@typescript/native-preview-win32-arm64@7.0.0-dev.20260707.2", "", { "os": "win32", "cpu": "arm64" }, "sha512-SsAwfhyHJ1akgBc+99z4+hwdbHsdWaKB8EwCNIMA6JfSLMeUjffrYvxu+vfMyxVtOVOz7RrRXRoiDiu4a2sCtg=="],

    "@typescript/native-preview-win32-x64": ["@typescript/native-preview-win32-x64@7.0.0-dev.20260707.2", "", { "os": "win32", "cpu": "x64" }, "sha512-DL4u27stv0fo71sVhOzHSwE+YMZsbBijVI+kg5dLDLilSH79WFTJ8RSQ46vJrCMt+Gjlv/JOZP1PuLJDfioYeQ=="],

    "bun-types": ["bun-types@1.4.0", "", { "dependencies": { "@types/node": "*" } }, "sha512-iIKw23BspnQQYd3prITOBxeUsxBHnwzX6YJfGMuNOZzeNcMmVqzIIVGRm1l69ogaPQmb4wB6BN8mA5bE9YuC5Q=="],

    "undici-types": ["undici-types@8.3.0", "", {}, "sha512-j375ScV60dom+YkPFIfTLcOiPxkN/buHz5GobjLhixFuANaNs3C9l4GmrWqejgXWJ7BbJcFYpTEUkS1Ge8bpZQ=="],

    "yaml": ["yaml@2.9.0", "", { "bin": { "yaml": "bin.mjs" } }, "sha512-2AvhNX3mb8zd6Zy7INTtSpl1F15HW6Wnqj0srWlkKLcpYl/gMIMJiyuGq2KeI2YFxUPjdlB+3Lc10seMLtL4cA=="],

    "zod": ["zod@4.3.3", "", {}, "sha512-bQ7Rxwfn04DCrTjjRfD9SavY2vWdmf3REjs/mkc1LdwI1KkcHClBRJmnvmA/6epGeqlHePtIRF1J4SrMMlW7IA=="],
  }
}
